{
  "requires": true,
  "lockfileVersion": 1,
  "dependencies": {
    "hamt_plus": {
      "version": "1.0.2",
      "resolved": "https://registry.npmjs.org/hamt_plus/-/hamt_plus-1.0.2.tgz",
      "integrity": "sha1-4hwlKWjH4zsg9qGwlM2FeHomVgE="
    },
    "recoil": {
      "version": "0.6.1",
      "resolved": "https://registry.npmjs.org/recoil/-/recoil-0.6.1.tgz",
      "integrity": "sha512-J7oT3LZl2vpyFClgSUpOQjpykz84VSX/NJE/PavAtR8n7Z+whEdVBPUtwc2TEWjONeL/lJmiac2XQ+qEOQA52Q==",
      "requires": {
        "hamt_plus": "1.0.2"
      }
    }
  }
}
